
Microsoft Visual Studio Solution File, Format Version 12.00
# Visual Studio 14
VisualStudioVersion = 14.0.25420.1
MinimumVisualStudioVersion = 10.0.40219.1
Project("{8BC9CEB8-8B4A-11D0-8D11-00A0C91BC942}") = "FM3D-Engine", "FM3D-Engine\FM3D-Engine.vcxproj", "{5F89C230-CDA6-42F8-99F7-48BBFBF90425}"
EndProject
Project("{FAE04EC0-301F-11D3-BF4B-00C04F79EFBC}") = "FM3D-Designer", "FM3D-Designer\FM3D-Designer.csproj", "{9DDCC42C-A5E3-4B09-A7E2-D1CA21B9AE13}"
	ProjectSection(ProjectDependencies) = postProject
		{5F89C230-CDA6-42F8-99F7-48BBFBF90425} = {5F89C230-CDA6-42F8-99F7-48BBFBF90425}
	EndProjectSection
EndProject
Project("{8BC9CEB8-8B4A-11D0-8D11-00A0C91BC942}") = "TestGame", "TestGame\TestGame.vcxproj", "{6F04A7CC-C537-4A30-93D1-7224435E0A3E}"
EndProject
Project("{8BC9CEB8-8B4A-11D0-8D11-00A0C91BC942}") = "TestGame 2", "TestGame 2\TestGame 2.vcxproj", "{CE91B0FA-8D78-422B-B5F3-AE049FCEA8ED}"
EndProject
Project("{2150E333-8FDC-42A3-9474-1A3956D46DE8}") = "TestGames", "TestGames", "{35FBF31A-8732-42CD-A605-A51845E8E901}"
EndProject
Project("{8BC9CEB8-8B4A-11D0-8D11-00A0C91BC942}") = "TestGame 3", "TestGame 3\TestGame 3.vcxproj", "{B4672659-CC50-4506-BED8-CC2410791DC3}"
	ProjectSection(ProjectDependencies) = postProject
		{5F89C230-CDA6-42F8-99F7-48BBFBF90425} = {5F89C230-CDA6-42F8-99F7-48BBFBF90425}
	EndProjectSection
EndProject
Project("{8BC9CEB8-8B4A-11D0-8D11-00A0C91BC942}") = "DesignerLib", "Designer Lib\Designer Lib.vcxproj", "{73299801-382B-4E3C-B5EA-6B9761B403F7}"
EndProject
Project("{8BC9CEB8-8B4A-11D0-8D11-00A0C91BC942}") = "TestGame 4", "TestGame 4\TestGame 4.vcxproj", "{A918C926-5538-4C1E-812D-D135D51018DE}"
	ProjectSection(ProjectDependencies) = postProject
		{5F89C230-CDA6-42F8-99F7-48BBFBF90425} = {5F89C230-CDA6-42F8-99F7-48BBFBF90425}
	EndProjectSection
EndProject
Project("{2150E333-8FDC-42A3-9474-1A3956D46DE8}") = "VS Extension", "VS Extension", "{73DA550A-4C02-42CF-9D08-C9177ACBA508}"
EndProject
Project("{FAE04EC0-301F-11D3-BF4B-00C04F79EFBC}") = "VS Extension", "VS Extension\VS Extension.csproj", "{BE8F9AAF-FA18-49E7-91E0-90B2CB67C205}"
EndProject
Project("{8BC9CEB8-8B4A-11D0-8D11-00A0C91BC942}") = "FM3D-Linux-Engine", "FM3D-Linux-Engine\FM3D-Linux-Engine.vcxproj", "{FFA19666-A327-45B6-B295-EE2321392482}"
EndProject
Global
	GlobalSection(SolutionConfigurationPlatforms) = preSolution
		Debug|Any CPU = Debug|Any CPU
		Debug|ARM = Debug|ARM
		Debug|x64 = Debug|x64
		Debug|x86 = Debug|x86
		Release|Any CPU = Release|Any CPU
		Release|ARM = Release|ARM
		Release|x64 = Release|x64
		Release|x86 = Release|x86
	EndGlobalSection
	GlobalSection(ProjectConfigurationPlatforms) = postSolution
		{5F89C230-CDA6-42F8-99F7-48BBFBF90425}.Debug|Any CPU.ActiveCfg = Debug|Win32
		{5F89C230-CDA6-42F8-99F7-48BBFBF90425}.Debug|ARM.ActiveCfg = Debug|Win32
		{5F89C230-CDA6-42F8-99F7-48BBFBF90425}.Debug|x64.ActiveCfg = Debug|x64
		{5F89C230-CDA6-42F8-99F7-48BBFBF90425}.Debug|x64.Build.0 = Debug|x64
		{5F89C230-CDA6-42F8-99F7-48BBFBF90425}.Debug|x86.ActiveCfg = Debug|Win32
		{5F89C230-CDA6-42F8-99F7-48BBFBF90425}.Debug|x86.Build.0 = Debug|Win32
		{5F89C230-CDA6-42F8-99F7-48BBFBF90425}.Release|Any CPU.ActiveCfg = Release|Win32
		{5F89C230-CDA6-42F8-99F7-48BBFBF90425}.Release|ARM.ActiveCfg = Release|Win32
		{5F89C230-CDA6-42F8-99F7-48BBFBF90425}.Release|x64.ActiveCfg = Release|x64
		{5F89C230-CDA6-42F8-99F7-48BBFBF90425}.Release|x64.Build.0 = Release|x64
		{5F89C230-CDA6-42F8-99F7-48BBFBF90425}.Release|x86.ActiveCfg = Release|Win32
		{5F89C230-CDA6-42F8-99F7-48BBFBF90425}.Release|x86.Build.0 = Release|Win32
		{9DDCC42C-A5E3-4B09-A7E2-D1CA21B9AE13}.Debug|Any CPU.ActiveCfg = Debug|Any CPU
		{9DDCC42C-A5E3-4B09-A7E2-D1CA21B9AE13}.Debug|Any CPU.Build.0 = Debug|Any CPU
		{9DDCC42C-A5E3-4B09-A7E2-D1CA21B9AE13}.Debug|ARM.ActiveCfg = Debug|Any CPU
		{9DDCC42C-A5E3-4B09-A7E2-D1CA21B9AE13}.Debug|x64.ActiveCfg = Debug|Any CPU
		{9DDCC42C-A5E3-4B09-A7E2-D1CA21B9AE13}.Debug|x64.Build.0 = Debug|Any CPU
		{9DDCC42C-A5E3-4B09-A7E2-D1CA21B9AE13}.Debug|x86.ActiveCfg = Debug|Any CPU
		{9DDCC42C-A5E3-4B09-A7E2-D1CA21B9AE13}.Debug|x86.Build.0 = Debug|Any CPU
		{9DDCC42C-A5E3-4B09-A7E2-D1CA21B9AE13}.Release|Any CPU.ActiveCfg = Release|Any CPU
		{9DDCC42C-A5E3-4B09-A7E2-D1CA21B9AE13}.Release|Any CPU.Build.0 = Release|Any CPU
		{9DDCC42C-A5E3-4B09-A7E2-D1CA21B9AE13}.Release|ARM.ActiveCfg = Release|Any CPU
		{9DDCC42C-A5E3-4B09-A7E2-D1CA21B9AE13}.Release|x64.ActiveCfg = Release|Any CPU
		{9DDCC42C-A5E3-4B09-A7E2-D1CA21B9AE13}.Release|x64.Build.0 = Release|Any CPU
		{9DDCC42C-A5E3-4B09-A7E2-D1CA21B9AE13}.Release|x86.ActiveCfg = Release|Any CPU
		{9DDCC42C-A5E3-4B09-A7E2-D1CA21B9AE13}.Release|x86.Build.0 = Release|Any CPU
		{6F04A7CC-C537-4A30-93D1-7224435E0A3E}.Debug|Any CPU.ActiveCfg = Debug|Win32
		{6F04A7CC-C537-4A30-93D1-7224435E0A3E}.Debug|ARM.ActiveCfg = Debug|Win32
		{6F04A7CC-C537-4A30-93D1-7224435E0A3E}.Debug|x64.ActiveCfg = Debug|x64
		{6F04A7CC-C537-4A30-93D1-7224435E0A3E}.Debug|x64.Build.0 = Debug|x64
		{6F04A7CC-C537-4A30-93D1-7224435E0A3E}.Debug|x86.ActiveCfg = Debug|Win32
		{6F04A7CC-C537-4A30-93D1-7224435E0A3E}.Release|Any CPU.ActiveCfg = Release|Win32
		{6F04A7CC-C537-4A30-93D1-7224435E0A3E}.Release|ARM.ActiveCfg = Release|Win32
		{6F04A7CC-C537-4A30-93D1-7224435E0A3E}.Release|x64.ActiveCfg = Release|x64
		{6F04A7CC-C537-4A30-93D1-7224435E0A3E}.Release|x64.Build.0 = Release|x64
		{6F04A7CC-C537-4A30-93D1-7224435E0A3E}.Release|x86.ActiveCfg = Release|Win32
		{6F04A7CC-C537-4A30-93D1-7224435E0A3E}.Release|x86.Build.0 = Release|Win32
		{CE91B0FA-8D78-422B-B5F3-AE049FCEA8ED}.Debug|Any CPU.ActiveCfg = Debug|Win32
		{CE91B0FA-8D78-422B-B5F3-AE049FCEA8ED}.Debug|ARM.ActiveCfg = Debug|Win32
		{CE91B0FA-8D78-422B-B5F3-AE049FCEA8ED}.Debug|x64.ActiveCfg = Debug|x64
		{CE91B0FA-8D78-422B-B5F3-AE049FCEA8ED}.Debug|x64.Build.0 = Debug|x64
		{CE91B0FA-8D78-422B-B5F3-AE049FCEA8ED}.Debug|x86.ActiveCfg = Debug|Win32
		{CE91B0FA-8D78-422B-B5F3-AE049FCEA8ED}.Release|Any CPU.ActiveCfg = Release|Win32
		{CE91B0FA-8D78-422B-B5F3-AE049FCEA8ED}.Release|ARM.ActiveCfg = Release|Win32
		{CE91B0FA-8D78-422B-B5F3-AE049FCEA8ED}.Release|x64.ActiveCfg = Release|x64
		{CE91B0FA-8D78-422B-B5F3-AE049FCEA8ED}.Release|x64.Build.0 = Release|x64
		{CE91B0FA-8D78-422B-B5F3-AE049FCEA8ED}.Release|x86.ActiveCfg = Release|Win32
		{CE91B0FA-8D78-422B-B5F3-AE049FCEA8ED}.Release|x86.Build.0 = Release|Win32
		{B4672659-CC50-4506-BED8-CC2410791DC3}.Debug|Any CPU.ActiveCfg = Debug|Win32
		{B4672659-CC50-4506-BED8-CC2410791DC3}.Debug|ARM.ActiveCfg = Debug|Win32
		{B4672659-CC50-4506-BED8-CC2410791DC3}.Debug|x64.ActiveCfg = Debug|x64
		{B4672659-CC50-4506-BED8-CC2410791DC3}.Debug|x64.Build.0 = Debug|x64
		{B4672659-CC50-4506-BED8-CC2410791DC3}.Debug|x86.ActiveCfg = Debug|Win32
		{B4672659-CC50-4506-BED8-CC2410791DC3}.Release|Any CPU.ActiveCfg = Release|Win32
		{B4672659-CC50-4506-BED8-CC2410791DC3}.Release|ARM.ActiveCfg = Release|Win32
		{B4672659-CC50-4506-BED8-CC2410791DC3}.Release|x64.ActiveCfg = Release|x64
		{B4672659-CC50-4506-BED8-CC2410791DC3}.Release|x64.Build.0 = Release|x64
		{B4672659-CC50-4506-BED8-CC2410791DC3}.Release|x86.ActiveCfg = Release|Win32
		{B4672659-CC50-4506-BED8-CC2410791DC3}.Release|x86.Build.0 = Release|Win32
		{73299801-382B-4E3C-B5EA-6B9761B403F7}.Debug|Any CPU.ActiveCfg = Debug|Win32
		{73299801-382B-4E3C-B5EA-6B9761B403F7}.Debug|ARM.ActiveCfg = Debug|Win32
		{73299801-382B-4E3C-B5EA-6B9761B403F7}.Debug|x64.ActiveCfg = Debug|x64
		{73299801-382B-4E3C-B5EA-6B9761B403F7}.Debug|x64.Build.0 = Debug|x64
		{73299801-382B-4E3C-B5EA-6B9761B403F7}.Debug|x86.ActiveCfg = Debug|Win32
		{73299801-382B-4E3C-B5EA-6B9761B403F7}.Debug|x86.Build.0 = Debug|Win32
		{73299801-382B-4E3C-B5EA-6B9761B403F7}.Release|Any CPU.ActiveCfg = Release|Win32
		{73299801-382B-4E3C-B5EA-6B9761B403F7}.Release|ARM.ActiveCfg = Release|Win32
		{73299801-382B-4E3C-B5EA-6B9761B403F7}.Release|x64.ActiveCfg = Release|x64
		{73299801-382B-4E3C-B5EA-6B9761B403F7}.Release|x64.Build.0 = Release|x64
		{73299801-382B-4E3C-B5EA-6B9761B403F7}.Release|x86.ActiveCfg = Release|Win32
		{73299801-382B-4E3C-B5EA-6B9761B403F7}.Release|x86.Build.0 = Release|Win32
		{A918C926-5538-4C1E-812D-D135D51018DE}.Debug|Any CPU.ActiveCfg = Debug|Win32
		{A918C926-5538-4C1E-812D-D135D51018DE}.Debug|ARM.ActiveCfg = Debug|Win32
		{A918C926-5538-4C1E-812D-D135D51018DE}.Debug|x64.ActiveCfg = Debug|x64
		{A918C926-5538-4C1E-812D-D135D51018DE}.Debug|x64.Build.0 = Debug|x64
		{A918C926-5538-4C1E-812D-D135D51018DE}.Debug|x86.ActiveCfg = Debug|Win32
		{A918C926-5538-4C1E-812D-D135D51018DE}.Release|Any CPU.ActiveCfg = Release|Win32
		{A918C926-5538-4C1E-812D-D135D51018DE}.Release|ARM.ActiveCfg = Release|Win32
		{A918C926-5538-4C1E-812D-D135D51018DE}.Release|x64.ActiveCfg = Release|x64
		{A918C926-5538-4C1E-812D-D135D51018DE}.Release|x64.Build.0 = Release|x64
		{A918C926-5538-4C1E-812D-D135D51018DE}.Release|x86.ActiveCfg = Release|Win32
		{A918C926-5538-4C1E-812D-D135D51018DE}.Release|x86.Build.0 = Release|Win32
		{BE8F9AAF-FA18-49E7-91E0-90B2CB67C205}.Debug|Any CPU.ActiveCfg = Debug|Any CPU
		{BE8F9AAF-FA18-49E7-91E0-90B2CB67C205}.Debug|Any CPU.Build.0 = Debug|Any CPU
		{BE8F9AAF-FA18-49E7-91E0-90B2CB67C205}.Debug|ARM.ActiveCfg = Debug|Any CPU
		{BE8F9AAF-FA18-49E7-91E0-90B2CB67C205}.Debug|x64.ActiveCfg = Debug|Any CPU
		{BE8F9AAF-FA18-49E7-91E0-90B2CB67C205}.Debug|x64.Build.0 = Debug|Any CPU
		{BE8F9AAF-FA18-49E7-91E0-90B2CB67C205}.Debug|x86.ActiveCfg = Debug|Any CPU
		{BE8F9AAF-FA18-49E7-91E0-90B2CB67C205}.Debug|x86.Build.0 = Debug|Any CPU
		{BE8F9AAF-FA18-49E7-91E0-90B2CB67C205}.Release|Any CPU.ActiveCfg = Release|Any CPU
		{BE8F9AAF-FA18-49E7-91E0-90B2CB67C205}.Release|Any CPU.Build.0 = Release|Any CPU
		{BE8F9AAF-FA18-49E7-91E0-90B2CB67C205}.Release|ARM.ActiveCfg = Release|Any CPU
		{BE8F9AAF-FA18-49E7-91E0-90B2CB67C205}.Release|x64.ActiveCfg = Release|Any CPU
		{BE8F9AAF-FA18-49E7-91E0-90B2CB67C205}.Release|x64.Build.0 = Release|Any CPU
		{BE8F9AAF-FA18-49E7-91E0-90B2CB67C205}.Release|x86.ActiveCfg = Release|Any CPU
		{BE8F9AAF-FA18-49E7-91E0-90B2CB67C205}.Release|x86.Build.0 = Release|Any CPU
		{FFA19666-A327-45B6-B295-EE2321392482}.Debug|Any CPU.ActiveCfg = Debug|x86
		{FFA19666-A327-45B6-B295-EE2321392482}.Debug|ARM.ActiveCfg = Debug|ARM
		{FFA19666-A327-45B6-B295-EE2321392482}.Debug|ARM.Build.0 = Debug|ARM
		{FFA19666-A327-45B6-B295-EE2321392482}.Debug|x64.ActiveCfg = Debug|x64
		{FFA19666-A327-45B6-B295-EE2321392482}.Debug|x64.Build.0 = Debug|x64
		{FFA19666-A327-45B6-B295-EE2321392482}.Debug|x86.ActiveCfg = Debug|x86
		{FFA19666-A327-45B6-B295-EE2321392482}.Debug|x86.Build.0 = Debug|x86
		{FFA19666-A327-45B6-B295-EE2321392482}.Release|Any CPU.ActiveCfg = Release|x86
		{FFA19666-A327-45B6-B295-EE2321392482}.Release|ARM.ActiveCfg = Release|ARM
		{FFA19666-A327-45B6-B295-EE2321392482}.Release|ARM.Build.0 = Release|ARM
		{FFA19666-A327-45B6-B295-EE2321392482}.Release|x64.ActiveCfg = Release|x64
		{FFA19666-A327-45B6-B295-EE2321392482}.Release|x64.Build.0 = Release|x64
		{FFA19666-A327-45B6-B295-EE2321392482}.Release|x86.ActiveCfg = Release|x86
		{FFA19666-A327-45B6-B295-EE2321392482}.Release|x86.Build.0 = Release|x86
	EndGlobalSection
	GlobalSection(SolutionProperties) = preSolution
		HideSolutionNode = FALSE
	EndGlobalSection
	GlobalSection(NestedProjects) = preSolution
		{6F04A7CC-C537-4A30-93D1-7224435E0A3E} = {35FBF31A-8732-42CD-A605-A51845E8E901}
		{CE91B0FA-8D78-422B-B5F3-AE049FCEA8ED} = {35FBF31A-8732-42CD-A605-A51845E8E901}
		{B4672659-CC50-4506-BED8-CC2410791DC3} = {35FBF31A-8732-42CD-A605-A51845E8E901}
		{A918C926-5538-4C1E-812D-D135D51018DE} = {35FBF31A-8732-42CD-A605-A51845E8E901}
		{BE8F9AAF-FA18-49E7-91E0-90B2CB67C205} = {73DA550A-4C02-42CF-9D08-C9177ACBA508}
	EndGlobalSection
EndGlobal
